
Microsoft Visual Studio Solution File, Format Version 12.00
# Visual Studio 15
VisualStudioVersion = 15.0.27703.2035
MinimumVisualStudioVersion = 10.0.40219.1
Project("{FAE04EC0-301F-11D3-BF4B-00C04F79EFBC}") = "HomeSales", "HomeSales\HomeSales.csproj", "{EA992B4F-9329-4EC3-9661-753E325BCA4B}"
EndProject
Global
	GlobalSection(SolutionConfigurationPlatforms) = preSolution
		Debug|Any CPU = Debug|Any CPU
		Release|Any CPU = Release|Any CPU
	EndGlobalSection
	GlobalSection(ProjectConfigurationPlatforms) = postSolution
		{EA992B4F-9329-4EC3-9661-753E325BCA4B}.Debug|Any CPU.ActiveCfg = Debug|Any CPU
		{EA992B4F-9329-4EC3-9661-753E325BCA4B}.Debug|Any CPU.Build.0 = Debug|Any CPU
		{EA992B4F-9329-4EC3-9661-753E325BCA4B}.Release|Any CPU.ActiveCfg = Release|Any CPU
		{EA992B4F-9329-4EC3-9661-753E325BCA4B}.Release|Any CPU.Build.0 = Release|Any CPU
	EndGlobalSection
	GlobalSection(SolutionProperties) = preSolution
		HideSolutionNode = FALSE
	EndGlobalSection
	GlobalSection(ExtensibilityGlobals) = postSolution
		SolutionGuid = {9997FC3F-EFC3-4FE3-BB22-545FE8F9563A}
	EndGlobalSection
EndGlobal
