
Microsoft Visual Studio Solution File, Format Version 12.00
# Visual Studio 15
VisualStudioVersion = 15.0.27703.2035
MinimumVisualStudioVersion = 10.0.40219.1
Project("{FAE04EC0-301F-11D3-BF4B-00C04F79EFBC}") = "OddNums", "OddNums\OddNums.csproj", "{CF449CDF-E399-4703-B122-3CF0FD2E56A5}"
EndProject
Global
	GlobalSection(SolutionConfigurationPlatforms) = preSolution
		Debug|Any CPU = Debug|Any CPU
		Release|Any CPU = Release|Any CPU
	EndGlobalSection
	GlobalSection(ProjectConfigurationPlatforms) = postSolution
		{CF449CDF-E399-4703-B122-3CF0FD2E56A5}.Debug|Any CPU.ActiveCfg = Debug|Any CPU
		{CF449CDF-E399-4703-B122-3CF0FD2E56A5}.Debug|Any CPU.Build.0 = Debug|Any CPU
		{CF449CDF-E399-4703-B122-3CF0FD2E56A5}.Release|Any CPU.ActiveCfg = Release|Any CPU
		{CF449CDF-E399-4703-B122-3CF0FD2E56A5}.Release|Any CPU.Build.0 = Release|Any CPU
	EndGlobalSection
	GlobalSection(SolutionProperties) = preSolution
		HideSolutionNode = FALSE
	EndGlobalSection
	GlobalSection(ExtensibilityGlobals) = postSolution
		SolutionGuid = {0A6558C7-18DA-48D3-A686-B4CFBF4AE30A}
	EndGlobalSection
EndGlobal
