
Microsoft Visual Studio Solution File, Format Version 12.00
# Visual Studio 15
VisualStudioVersion = 15.0.27703.2035
MinimumVisualStudioVersion = 10.0.40219.1
Project("{FAE04EC0-301F-11D3-BF4B-00C04F79EFBC}") = "ValidID", "ValidID\ValidID.csproj", "{E151C737-E81A-4662-89D6-4F52004574D0}"
EndProject
Global
	GlobalSection(SolutionConfigurationPlatforms) = preSolution
		Debug|Any CPU = Debug|Any CPU
		Release|Any CPU = Release|Any CPU
	EndGlobalSection
	GlobalSection(ProjectConfigurationPlatforms) = postSolution
		{E151C737-E81A-4662-89D6-4F52004574D0}.Debug|Any CPU.ActiveCfg = Debug|Any CPU
		{E151C737-E81A-4662-89D6-4F52004574D0}.Debug|Any CPU.Build.0 = Debug|Any CPU
		{E151C737-E81A-4662-89D6-4F52004574D0}.Release|Any CPU.ActiveCfg = Release|Any CPU
		{E151C737-E81A-4662-89D6-4F52004574D0}.Release|Any CPU.Build.0 = Release|Any CPU
	EndGlobalSection
	GlobalSection(SolutionProperties) = preSolution
		HideSolutionNode = FALSE
	EndGlobalSection
	GlobalSection(ExtensibilityGlobals) = postSolution
		SolutionGuid = {AAF88262-D0B2-4DAE-AC73-8F4329DEED20}
	EndGlobalSection
EndGlobal
